// !$*UTF8*$!
{
	archiveVersion = 1;
	classes = {
	};
	objectVersion = 55;
	objects = {

/* Begin PBXBuildFile section */
		EACD4CC727DC624100D82478 /* main.cpp in Sources */ = {isa = PBXBuildFile; fileRef = EACD4CC627DC624100D82478 /* main.cpp */; };
		EACD4CCF27DC748000D82478 /* unordered_map_demo.cpp in Sources */ = {isa = PBXBuildFile; fileRef = EACD4CCD27DC748000D82478 /* unordered_map_demo.cpp */; };
		EACD4CD227DCC71300D82478 /* ListNode_delete_last_n.cpp in Sources */ = {isa = PBXBuildFile; fileRef = EACD4CD027DCC71300D82478 /* ListNode_delete_last_n.cpp */; };
		EAF9186A27E5BB94003A4372 /* LFUCache.cpp in Sources */ = {isa = PBXBuildFile; fileRef = EAF9186927E5BB94003A4372 /* LFUCache.cpp */; };
		EAF9186C27E5BC13003A4372 /* LRUCache.cpp in Sources */ = {isa = PBXBuildFile; fileRef = EAF9186B27E5BC13003A4372 /* LRUCache.cpp */; };
		EAF9186E27E5C4A9003A4372 /* LinkedStudy.cpp in Sources */ = {isa = PBXBuildFile; fileRef = EAF9186D27E5C4A9003A4372 /* LinkedStudy.cpp */; };
/* End PBXBuildFile section */

/* Begin PBXCopyFilesBuildPhase section */
		EACD4CC127DC624100D82478 /* CopyFiles */ = {
			isa = PBXCopyFilesBuildPhase;
			buildActionMask = 2147483647;
			dstPath = /usr/share/man/man1/;
			dstSubfolderSpec = 0;
			files = (
			);
			runOnlyForDeploymentPostprocessing = 1;
		};
/* End PBXCopyFilesBuildPhase section */

/* Begin PBXFileReference section */
		EACD4CC327DC624100D82478 /* C++学习 */ = {isa = PBXFileReference; explicitFileType = "compiled.mach-o.executable"; includeInIndex = 0; path = "C++学习"; sourceTree = BUILT_PRODUCTS_DIR; };
		EACD4CC627DC624100D82478 /* main.cpp */ = {isa = PBXFileReference; lastKnownFileType = sourcecode.cpp.cpp; path = main.cpp; sourceTree = "<group>"; };
		EACD4CCD27DC748000D82478 /* unordered_map_demo.cpp */ = {isa = PBXFileReference; lastKnownFileType = sourcecode.cpp.cpp; path = unordered_map_demo.cpp; sourceTree = "<group>"; };
		EACD4CCE27DC748000D82478 /* unordered_map_demo.hpp */ = {isa = PBXFileReference; lastKnownFileType = sourcecode.cpp.h; path = unordered_map_demo.hpp; sourceTree = "<group>"; };
		EACD4CD027DCC71300D82478 /* ListNode_delete_last_n.cpp */ = {isa = PBXFileReference; lastKnownFileType = sourcecode.cpp.cpp; path = ListNode_delete_last_n.cpp; sourceTree = "<group>"; };
		EACD4CD127DCC71300D82478 /* ListNode_delete_last_n.hpp */ = {isa = PBXFileReference; lastKnownFileType = sourcecode.cpp.h; path = ListNode_delete_last_n.hpp; sourceTree = "<group>"; };
		EAF9186927E5BB94003A4372 /* LFUCache.cpp */ = {isa = PBXFileReference; lastKnownFileType = sourcecode.cpp.cpp; path = LFUCache.cpp; sourceTree = "<group>"; };
		EAF9186B27E5BC13003A4372 /* LRUCache.cpp */ = {isa = PBXFileReference; lastKnownFileType = sourcecode.cpp.cpp; path = LRUCache.cpp; sourceTree = "<group>"; };
		EAF9186D27E5C4A9003A4372 /* LinkedStudy.cpp */ = {isa = PBXFileReference; lastKnownFileType = sourcecode.cpp.cpp; path = LinkedStudy.cpp; sourceTree = "<group>"; };
/* End PBXFileReference section */

/* Begin PBXFrameworksBuildPhase section */
		EACD4CC027DC624100D82478 /* Frameworks */ = {
			isa = PBXFrameworksBuildPhase;
			buildActionMask = 2147483647;
			files = (
			);
			runOnlyForDeploymentPostprocessing = 0;
		};
/* End PBXFrameworksBuildPhase section */

/* Begin PBXGroup section */
		EACD4CBA27DC624000D82478 = {
			isa = PBXGroup;
			children = (
				EACD4CC527DC624100D82478 /* C++学习 */,
				EACD4CC427DC624100D82478 /* Products */,
			);
			sourceTree = "<group>";
		};
		EACD4CC427DC624100D82478 /* Products */ = {
			isa = PBXGroup;
			children = (
				EACD4CC327DC624100D82478 /* C++学习 */,
			);
			name = Products;
			sourceTree = "<group>";
		};
		EACD4CC527DC624100D82478 /* C++学习 */ = {
			isa = PBXGroup;
			children = (
				EACD4CC627DC624100D82478 /* main.cpp */,
				EAF9186927E5BB94003A4372 /* LFUCache.cpp */,
				EAF9186B27E5BC13003A4372 /* LRUCache.cpp */,
				EACD4CCD27DC748000D82478 /* unordered_map_demo.cpp */,
				EACD4CCE27DC748000D82478 /* unordered_map_demo.hpp */,
				EACD4CD027DCC71300D82478 /* ListNode_delete_last_n.cpp */,
				EACD4CD127DCC71300D82478 /* ListNode_delete_last_n.hpp */,
				EAF9186D27E5C4A9003A4372 /* LinkedStudy.cpp */,
			);
			path = "C++学习";
			sourceTree = "<group>";
		};
/* End PBXGroup section */

/* Begin PBXNativeTarget section */
		EACD4CC227DC624100D82478 /* C++学习 */ = {
			isa = PBXNativeTarget;
			buildConfigurationList = EACD4CCA27DC624100D82478 /* Build configuration list for PBXNativeTarget "C++学习" */;
			buildPhases = (
				EACD4CBF27DC624100D82478 /* Sources */,
				EACD4CC027DC624100D82478 /* Frameworks */,
				EACD4CC127DC624100D82478 /* CopyFiles */,
			);
			buildRules = (
			);
			dependencies = (
			);
			name = "C++学习";
			productName = "C++学习";
			productReference = EACD4CC327DC624100D82478 /* C++学习 */;
			productType = "com.apple.product-type.tool";
		};
/* End PBXNativeTarget section */

/* Begin PBXProject section */
		EACD4CBB27DC624000D82478 /* Project object */ = {
			isa = PBXProject;
			attributes = {
				BuildIndependentTargetsInParallel = 1;
				LastUpgradeCheck = 1300;
				TargetAttributes = {
					EACD4CC227DC624100D82478 = {
						CreatedOnToolsVersion = 13.0;
					};
				};
			};
			buildConfigurationList = EACD4CBE27DC624000D82478 /* Build configuration list for PBXProject "C++学习" */;
			compatibilityVersion = "Xcode 13.0";
			developmentRegion = en;
			hasScannedForEncodings = 0;
			knownRegions = (
				en,
				Base,
			);
			mainGroup = EACD4CBA27DC624000D82478;
			productRefGroup = EACD4CC427DC624100D82478 /* Products */;
			projectDirPath = "";
			projectRoot = "";
			targets = (
				EACD4CC227DC624100D82478 /* C++学习 */,
			);
		};
/* End PBXProject section */

/* Begin PBXSourcesBuildPhase section */
		EACD4CBF27DC624100D82478 /* Sources */ = {
			isa = PBXSourcesBuildPhase;
			buildActionMask = 2147483647;
			files = (
				EAF9186E27E5C4A9003A4372 /* LinkedStudy.cpp in Sources */,
				EAF9186C27E5BC13003A4372 /* LRUCache.cpp in Sources */,
				EAF9186A27E5BB94003A4372 /* LFUCache.cpp in Sources */,
				EACD4CD227DCC71300D82478 /* ListNode_delete_last_n.cpp in Sources */,
				EACD4CCF27DC748000D82478 /* unordered_map_demo.cpp in Sources */,
				EACD4CC727DC624100D82478 /* main.cpp in Sources */,
			);
			runOnlyForDeploymentPostprocessing = 0;
		};
/* End PBXSourcesBuildPhase section */

/* Begin XCBuildConfiguration section */
		EACD4CC827DC624100D82478 /* Debug */ = {
			isa = XCBuildConfiguration;
			buildSettings = {
				ALWAYS_SEARCH_USER_PATHS = NO;
				CLANG_ANALYZER_NONNULL = YES;
				CLANG_ANALYZER_NUMBER_OBJECT_CONVERSION = YES_AGGRESSIVE;
				CLANG_CXX_LANGUAGE_STANDARD = "gnu++17";
				CLANG_CXX_LIBRARY = "libc++";
				CLANG_ENABLE_MODULES = YES;
				CLANG_ENABLE_OBJC_ARC = YES;
				CLANG_ENABLE_OBJC_WEAK = YES;
				CLANG_WARN_BLOCK_CAPTURE_AUTORELEASING = YES;
				CLANG_WARN_BOOL_CONVERSION = YES;
				CLANG_WARN_COMMA = YES;
				CLANG_WARN_CONSTANT_CONVERSION = YES;
				CLANG_WARN_DEPRECATED_OBJC_IMPLEMENTATIONS = YES;
				CLANG_WARN_DIRECT_OBJC_ISA_USAGE = YES_ERROR;
				CLANG_WARN_DOCUMENTATION_COMMENTS = YES;
				CLANG_WARN_EMPTY_BODY = YES;
				CLANG_WARN_ENUM_CONVERSION = YES;
				CLANG_WARN_INFINITE_RECURSION = YES;
				CLANG_WARN_INT_CONVERSION = YES;
				CLANG_WARN_NON_LITERAL_NULL_CONVERSION = YES;
				CLANG_WARN_OBJC_IMPLICIT_RETAIN_SELF = YES;
				CLANG_WARN_OBJC_LITERAL_CONVERSION = YES;
				CLANG_WARN_OBJC_ROOT_CLASS = YES_ERROR;
				CLANG_WARN_QUOTED_INCLUDE_IN_FRAMEWORK_HEADER = YES;
				CLANG_WARN_RANGE_LOOP_ANALYSIS = YES;
				CLANG_WARN_STRICT_PROTOTYPES = YES;
				CLANG_WARN_SUSPICIOUS_MOVE = YES;
				CLANG_WARN_UNGUARDED_AVAILABILITY = YES_AGGRESSIVE;
				CLANG_WARN_UNREACHABLE_CODE = YES;
				CLANG_WARN__DUPLICATE_METHOD_MATCH = YES;
				COPY_PHASE_STRIP = NO;
				DEBUG_INFORMATION_FORMAT = dwarf;
				ENABLE_STRICT_OBJC_MSGSEND = YES;
				ENABLE_TESTABILITY = YES;
				GCC_C_LANGUAGE_STANDARD = gnu11;
				GCC_DYNAMIC_NO_PIC = NO;
				GCC_NO_COMMON_BLOCKS = YES;
				GCC_OPTIMIZATION_LEVEL = 0;
				GCC_PREPROCESSOR_DEFINITIONS = (
					"DEBUG=1",
					"$(inherited)",
				);
				GCC_WARN_64_TO_32_BIT_CONVERSION = YES;
				GCC_WARN_ABOUT_RETURN_TYPE = YES_ERROR;
				GCC_WARN_UNDECLARED_SELECTOR = YES;
				GCC_WARN_UNINITIALIZED_AUTOS = YES_AGGRESSIVE;
				GCC_WARN_UNUSED_FUNCTION = YES;
				GCC_WARN_UNUSED_VARIABLE = YES;
				MACOSX_DEPLOYMENT_TARGET = 11.3;
				MTL_ENABLE_DEBUG_INFO = INCLUDE_SOURCE;
				MTL_FAST_MATH = YES;
				ONLY_ACTIVE_ARCH = YES;
				SDKROOT = macosx;
			};
			name = Debug;
		};
		EACD4CC927DC624100D82478 /* Release */ = {
			isa = XCBuildConfiguration;
			buildSettings = {
				ALWAYS_SEARCH_USER_PATHS = NO;
				CLANG_ANALYZER_NONNULL = YES;
				CLANG_ANALYZER_NUMBER_OBJECT_CONVERSION = YES_AGGRESSIVE;
				CLANG_CXX_LANGUAGE_STANDARD = "gnu++17";
				CLANG_CXX_LIBRARY = "libc++";
				CLANG_ENABLE_MODULES = YES;
				CLANG_ENABLE_OBJC_ARC = YES;
				CLANG_ENABLE_OBJC_WEAK = YES;
				CLANG_WARN_BLOCK_CAPTURE_AUTORELEASING = YES;
				CLANG_WARN_BOOL_CONVERSION = YES;
				CLANG_WARN_COMMA = YES;
				CLANG_WARN_CONSTANT_CONVERSION = YES;
				CLANG_WARN_DEPRECATED_OBJC_IMPLEMENTATIONS = YES;
				CLANG_WARN_DIRECT_OBJC_ISA_USAGE = YES_ERROR;
				CLANG_WARN_DOCUMENTATION_COMMENTS = YES;
				CLANG_WARN_EMPTY_BODY = YES;
				CLANG_WARN_ENUM_CONVERSION = YES;
				CLANG_WARN_INFINITE_RECURSION = YES;
				CLANG_WARN_INT_CONVERSION = YES;
				CLANG_WARN_NON_LITERAL_NULL_CONVERSION = YES;
				CLANG_WARN_OBJC_IMPLICIT_RETAIN_SELF = YES;
				CLANG_WARN_OBJC_LITERAL_CONVERSION = YES;
				CLANG_WARN_OBJC_ROOT_CLASS = YES_ERROR;
				CLANG_WARN_QUOTED_INCLUDE_IN_FRAMEWORK_HEADER = YES;
				CLANG_WARN_RANGE_LOOP_ANALYSIS = YES;
				CLANG_WARN_STRICT_PROTOTYPES = YES;
				CLANG_WARN_SUSPICIOUS_MOVE = YES;
				CLANG_WARN_UNGUARDED_AVAILABILITY = YES_AGGRESSIVE;
				CLANG_WARN_UNREACHABLE_CODE = YES;
				CLANG_WARN__DUPLICATE_METHOD_MATCH = YES;
				COPY_PHASE_STRIP = NO;
				DEBUG_INFORMATION_FORMAT = "dwarf-with-dsym";
				ENABLE_NS_ASSERTIONS = NO;
				ENABLE_STRICT_OBJC_MSGSEND = YES;
				GCC_C_LANGUAGE_STANDARD = gnu11;
				GCC_NO_COMMON_BLOCKS = YES;
				GCC_WARN_64_TO_32_BIT_CONVERSION = YES;
				GCC_WARN_ABOUT_RETURN_TYPE = YES_ERROR;
				GCC_WARN_UNDECLARED_SELECTOR = YES;
				GCC_WARN_UNINITIALIZED_AUTOS = YES_AGGRESSIVE;
				GCC_WARN_UNUSED_FUNCTION = YES;
				GCC_WARN_UNUSED_VARIABLE = YES;
				MACOSX_DEPLOYMENT_TARGET = 11.3;
				MTL_ENABLE_DEBUG_INFO = NO;
				MTL_FAST_MATH = YES;
				SDKROOT = macosx;
			};
			name = Release;
		};
		EACD4CCB27DC624100D82478 /* Debug */ = {
			isa = XCBuildConfiguration;
			buildSettings = {
				CODE_SIGN_STYLE = Automatic;
				PRODUCT_NAME = "$(TARGET_NAME)";
			};
			name = Debug;
		};
		EACD4CCC27DC624100D82478 /* Release */ = {
			isa = XCBuildConfiguration;
			buildSettings = {
				CODE_SIGN_STYLE = Automatic;
				PRODUCT_NAME = "$(TARGET_NAME)";
			};
			name = Release;
		};
/* End XCBuildConfiguration section */

/* Begin XCConfigurationList section */
		EACD4CBE27DC624000D82478 /* Build configuration list for PBXProject "C++学习" */ = {
			isa = XCConfigurationList;
			buildConfigurations = (
				EACD4CC827DC624100D82478 /* Debug */,
				EACD4CC927DC624100D82478 /* Release */,
			);
			defaultConfigurationIsVisible = 0;
			defaultConfigurationName = Release;
		};
		EACD4CCA27DC624100D82478 /* Build configuration list for PBXNativeTarget "C++学习" */ = {
			isa = XCConfigurationList;
			buildConfigurations = (
				EACD4CCB27DC624100D82478 /* Debug */,
				EACD4CCC27DC624100D82478 /* Release */,
			);
			defaultConfigurationIsVisible = 0;
			defaultConfigurationName = Release;
		};
/* End XCConfigurationList section */
	};
	rootObject = EACD4CBB27DC624000D82478 /* Project object */;
}
