// !$*UTF8*$!
{
	archiveVersion = 1;
	classes = {
	};
	objectVersion = 50;
	objects = {

/* Begin PBXBuildFile section */
		EA08461B225B4EE000F759B2 /* AppDelegate.m in Sources */ = {isa = PBXBuildFile; fileRef = EA08461A225B4EE000F759B2 /* AppDelegate.m */; };
		EA08461E225B4EE000F759B2 /* ViewController.m in Sources */ = {isa = PBXBuildFile; fileRef = EA08461D225B4EE000F759B2 /* ViewController.m */; };
		EA084621225B4EE000F759B2 /* Main.storyboard in Resources */ = {isa = PBXBuildFile; fileRef = EA08461F225B4EE000F759B2 /* Main.storyboard */; };
		EA084623225B4EE200F759B2 /* Assets.xcassets in Resources */ = {isa = PBXBuildFile; fileRef = EA084622225B4EE200F759B2 /* Assets.xcassets */; };
		EA084626225B4EE200F759B2 /* LaunchScreen.storyboard in Resources */ = {isa = PBXBuildFile; fileRef = EA084624225B4EE200F759B2 /* LaunchScreen.storyboard */; };
		EA084629225B4EE200F759B2 /* main.m in Sources */ = {isa = PBXBuildFile; fileRef = EA084628225B4EE200F759B2 /* main.m */; };
		EA084633225B4EE200F759B2 /* DemoCollectionTests.m in Sources */ = {isa = PBXBuildFile; fileRef = EA084632225B4EE200F759B2 /* DemoCollectionTests.m */; };
		EA08463E225B4EE200F759B2 /* DemoCollectionUITests.m in Sources */ = {isa = PBXBuildFile; fileRef = EA08463D225B4EE200F759B2 /* DemoCollectionUITests.m */; };
		EA08465D225E18CB00F759B2 /* BinaryTreeNode.m in Sources */ = {isa = PBXBuildFile; fileRef = EA08465C225E18CB00F759B2 /* BinaryTreeNode.m */; };
		EA084660225E1AAA00F759B2 /* BinaryTree.m in Sources */ = {isa = PBXBuildFile; fileRef = EA08465F225E1AAA00F759B2 /* BinaryTree.m */; };
		EAD67314225EE62A0088A66B /* TreeNodeProperty.m in Sources */ = {isa = PBXBuildFile; fileRef = EAD67313225EE62A0088A66B /* TreeNodeProperty.m */; };
		EAD67318225EFC530088A66B /* SortAlgorithm.m in Sources */ = {isa = PBXBuildFile; fileRef = EAD67317225EFC530088A66B /* SortAlgorithm.m */; };
/* End PBXBuildFile section */

/* Begin PBXContainerItemProxy section */
		EA08462F225B4EE200F759B2 /* PBXContainerItemProxy */ = {
			isa = PBXContainerItemProxy;
			containerPortal = EA08460E225B4EE000F759B2 /* Project object */;
			proxyType = 1;
			remoteGlobalIDString = EA084615225B4EE000F759B2;
			remoteInfo = DemoCollection;
		};
		EA08463A225B4EE200F759B2 /* PBXContainerItemProxy */ = {
			isa = PBXContainerItemProxy;
			containerPortal = EA08460E225B4EE000F759B2 /* Project object */;
			proxyType = 1;
			remoteGlobalIDString = EA084615225B4EE000F759B2;
			remoteInfo = DemoCollection;
		};
/* End PBXContainerItemProxy section */

/* Begin PBXFileReference section */
		EA084616225B4EE000F759B2 /* DemoCollection.app */ = {isa = PBXFileReference; explicitFileType = wrapper.application; includeInIndex = 0; path = DemoCollection.app; sourceTree = BUILT_PRODUCTS_DIR; };
		EA084619225B4EE000F759B2 /* AppDelegate.h */ = {isa = PBXFileReference; lastKnownFileType = sourcecode.c.h; path = AppDelegate.h; sourceTree = "<group>"; };
		EA08461A225B4EE000F759B2 /* AppDelegate.m */ = {isa = PBXFileReference; lastKnownFileType = sourcecode.c.objc; path = AppDelegate.m; sourceTree = "<group>"; };
		EA08461C225B4EE000F759B2 /* ViewController.h */ = {isa = PBXFileReference; lastKnownFileType = sourcecode.c.h; path = ViewController.h; sourceTree = "<group>"; };
		EA08461D225B4EE000F759B2 /* ViewController.m */ = {isa = PBXFileReference; lastKnownFileType = sourcecode.c.objc; path = ViewController.m; sourceTree = "<group>"; };
		EA084620225B4EE000F759B2 /* Base */ = {isa = PBXFileReference; lastKnownFileType = file.storyboard; name = Base; path = Base.lproj/Main.storyboard; sourceTree = "<group>"; };
		EA084622225B4EE200F759B2 /* Assets.xcassets */ = {isa = PBXFileReference; lastKnownFileType = folder.assetcatalog; path = Assets.xcassets; sourceTree = "<group>"; };
		EA084625225B4EE200F759B2 /* Base */ = {isa = PBXFileReference; lastKnownFileType = file.storyboard; name = Base; path = Base.lproj/LaunchScreen.storyboard; sourceTree = "<group>"; };
		EA084627225B4EE200F759B2 /* Info.plist */ = {isa = PBXFileReference; lastKnownFileType = text.plist.xml; path = Info.plist; sourceTree = "<group>"; };
		EA084628225B4EE200F759B2 /* main.m */ = {isa = PBXFileReference; lastKnownFileType = sourcecode.c.objc; path = main.m; sourceTree = "<group>"; };
		EA08462E225B4EE200F759B2 /* DemoCollectionTests.xctest */ = {isa = PBXFileReference; explicitFileType = wrapper.cfbundle; includeInIndex = 0; path = DemoCollectionTests.xctest; sourceTree = BUILT_PRODUCTS_DIR; };
		EA084632225B4EE200F759B2 /* DemoCollectionTests.m */ = {isa = PBXFileReference; lastKnownFileType = sourcecode.c.objc; path = DemoCollectionTests.m; sourceTree = "<group>"; };
		EA084634225B4EE200F759B2 /* Info.plist */ = {isa = PBXFileReference; lastKnownFileType = text.plist.xml; path = Info.plist; sourceTree = "<group>"; };
		EA084639225B4EE200F759B2 /* DemoCollectionUITests.xctest */ = {isa = PBXFileReference; explicitFileType = wrapper.cfbundle; includeInIndex = 0; path = DemoCollectionUITests.xctest; sourceTree = BUILT_PRODUCTS_DIR; };
		EA08463D225B4EE200F759B2 /* DemoCollectionUITests.m */ = {isa = PBXFileReference; lastKnownFileType = sourcecode.c.objc; path = DemoCollectionUITests.m; sourceTree = "<group>"; };
		EA08463F225B4EE200F759B2 /* Info.plist */ = {isa = PBXFileReference; lastKnownFileType = text.plist.xml; path = Info.plist; sourceTree = "<group>"; };
		EA08465B225E18CB00F759B2 /* BinaryTreeNode.h */ = {isa = PBXFileReference; lastKnownFileType = sourcecode.c.h; path = BinaryTreeNode.h; sourceTree = "<group>"; };
		EA08465C225E18CB00F759B2 /* BinaryTreeNode.m */ = {isa = PBXFileReference; lastKnownFileType = sourcecode.c.objc; path = BinaryTreeNode.m; sourceTree = "<group>"; };
		EA08465E225E1AAA00F759B2 /* BinaryTree.h */ = {isa = PBXFileReference; lastKnownFileType = sourcecode.c.h; path = BinaryTree.h; sourceTree = "<group>"; };
		EA08465F225E1AAA00F759B2 /* BinaryTree.m */ = {isa = PBXFileReference; lastKnownFileType = sourcecode.c.objc; path = BinaryTree.m; sourceTree = "<group>"; };
		EAD67312225EE62A0088A66B /* TreeNodeProperty.h */ = {isa = PBXFileReference; lastKnownFileType = sourcecode.c.h; path = TreeNodeProperty.h; sourceTree = "<group>"; };
		EAD67313225EE62A0088A66B /* TreeNodeProperty.m */ = {isa = PBXFileReference; lastKnownFileType = sourcecode.c.objc; path = TreeNodeProperty.m; sourceTree = "<group>"; };
		EAD67316225EFC530088A66B /* SortAlgorithm.h */ = {isa = PBXFileReference; lastKnownFileType = sourcecode.c.h; path = SortAlgorithm.h; sourceTree = "<group>"; };
		EAD67317225EFC530088A66B /* SortAlgorithm.m */ = {isa = PBXFileReference; lastKnownFileType = sourcecode.c.objc; path = SortAlgorithm.m; sourceTree = "<group>"; };
/* End PBXFileReference section */

/* Begin PBXFrameworksBuildPhase section */
		EA084613225B4EE000F759B2 /* Frameworks */ = {
			isa = PBXFrameworksBuildPhase;
			buildActionMask = 2147483647;
			files = (
			);
			runOnlyForDeploymentPostprocessing = 0;
		};
		EA08462B225B4EE200F759B2 /* Frameworks */ = {
			isa = PBXFrameworksBuildPhase;
			buildActionMask = 2147483647;
			files = (
			);
			runOnlyForDeploymentPostprocessing = 0;
		};
		EA084636225B4EE200F759B2 /* Frameworks */ = {
			isa = PBXFrameworksBuildPhase;
			buildActionMask = 2147483647;
			files = (
			);
			runOnlyForDeploymentPostprocessing = 0;
		};
/* End PBXFrameworksBuildPhase section */

/* Begin PBXGroup section */
		EA08460D225B4EE000F759B2 = {
			isa = PBXGroup;
			children = (
				EA084618225B4EE000F759B2 /* DemoCollection */,
				EA084631225B4EE200F759B2 /* DemoCollectionTests */,
				EA08463C225B4EE200F759B2 /* DemoCollectionUITests */,
				EA084617225B4EE000F759B2 /* Products */,
			);
			sourceTree = "<group>";
		};
		EA084617225B4EE000F759B2 /* Products */ = {
			isa = PBXGroup;
			children = (
				EA084616225B4EE000F759B2 /* DemoCollection.app */,
				EA08462E225B4EE200F759B2 /* DemoCollectionTests.xctest */,
				EA084639225B4EE200F759B2 /* DemoCollectionUITests.xctest */,
			);
			name = Products;
			sourceTree = "<group>";
		};
		EA084618225B4EE000F759B2 /* DemoCollection */ = {
			isa = PBXGroup;
			children = (
				EAD67315225EFC3A0088A66B /* SortAlgorithm */,
				EA08465A225E188900F759B2 /* BinaryTree */,
				EA084619225B4EE000F759B2 /* AppDelegate.h */,
				EA08461A225B4EE000F759B2 /* AppDelegate.m */,
				EA08461C225B4EE000F759B2 /* ViewController.h */,
				EA08461D225B4EE000F759B2 /* ViewController.m */,
				EA08461F225B4EE000F759B2 /* Main.storyboard */,
				EA084622225B4EE200F759B2 /* Assets.xcassets */,
				EA084624225B4EE200F759B2 /* LaunchScreen.storyboard */,
				EA084627225B4EE200F759B2 /* Info.plist */,
				EA084628225B4EE200F759B2 /* main.m */,
			);
			path = DemoCollection;
			sourceTree = "<group>";
		};
		EA084631225B4EE200F759B2 /* DemoCollectionTests */ = {
			isa = PBXGroup;
			children = (
				EA084632225B4EE200F759B2 /* DemoCollectionTests.m */,
				EA084634225B4EE200F759B2 /* Info.plist */,
			);
			path = DemoCollectionTests;
			sourceTree = "<group>";
		};
		EA08463C225B4EE200F759B2 /* DemoCollectionUITests */ = {
			isa = PBXGroup;
			children = (
				EA08463D225B4EE200F759B2 /* DemoCollectionUITests.m */,
				EA08463F225B4EE200F759B2 /* Info.plist */,
			);
			path = DemoCollectionUITests;
			sourceTree = "<group>";
		};
		EA08465A225E188900F759B2 /* BinaryTree */ = {
			isa = PBXGroup;
			children = (
				EA08465B225E18CB00F759B2 /* BinaryTreeNode.h */,
				EA08465C225E18CB00F759B2 /* BinaryTreeNode.m */,
				EA08465E225E1AAA00F759B2 /* BinaryTree.h */,
				EA08465F225E1AAA00F759B2 /* BinaryTree.m */,
				EAD67312225EE62A0088A66B /* TreeNodeProperty.h */,
				EAD67313225EE62A0088A66B /* TreeNodeProperty.m */,
			);
			name = BinaryTree;
			path = Classes/BinaryTree;
			sourceTree = "<group>";
		};
		EAD67315225EFC3A0088A66B /* SortAlgorithm */ = {
			isa = PBXGroup;
			children = (
				EAD67316225EFC530088A66B /* SortAlgorithm.h */,
				EAD67317225EFC530088A66B /* SortAlgorithm.m */,
			);
			name = SortAlgorithm;
			path = Classes/SortAlgorithm;
			sourceTree = "<group>";
		};
/* End PBXGroup section */

/* Begin PBXNativeTarget section */
		EA084615225B4EE000F759B2 /* DemoCollection */ = {
			isa = PBXNativeTarget;
			buildConfigurationList = EA084642225B4EE200F759B2 /* Build configuration list for PBXNativeTarget "DemoCollection" */;
			buildPhases = (
				EA084612225B4EE000F759B2 /* Sources */,
				EA084613225B4EE000F759B2 /* Frameworks */,
				EA084614225B4EE000F759B2 /* Resources */,
			);
			buildRules = (
			);
			dependencies = (
			);
			name = DemoCollection;
			productName = DemoCollection;
			productReference = EA084616225B4EE000F759B2 /* DemoCollection.app */;
			productType = "com.apple.product-type.application";
		};
		EA08462D225B4EE200F759B2 /* DemoCollectionTests */ = {
			isa = PBXNativeTarget;
			buildConfigurationList = EA084645225B4EE200F759B2 /* Build configuration list for PBXNativeTarget "DemoCollectionTests" */;
			buildPhases = (
				EA08462A225B4EE200F759B2 /* Sources */,
				EA08462B225B4EE200F759B2 /* Frameworks */,
				EA08462C225B4EE200F759B2 /* Resources */,
			);
			buildRules = (
			);
			dependencies = (
				EA084630225B4EE200F759B2 /* PBXTargetDependency */,
			);
			name = DemoCollectionTests;
			productName = DemoCollectionTests;
			productReference = EA08462E225B4EE200F759B2 /* DemoCollectionTests.xctest */;
			productType = "com.apple.product-type.bundle.unit-test";
		};
		EA084638225B4EE200F759B2 /* DemoCollectionUITests */ = {
			isa = PBXNativeTarget;
			buildConfigurationList = EA084648225B4EE200F759B2 /* Build configuration list for PBXNativeTarget "DemoCollectionUITests" */;
			buildPhases = (
				EA084635225B4EE200F759B2 /* Sources */,
				EA084636225B4EE200F759B2 /* Frameworks */,
				EA084637225B4EE200F759B2 /* Resources */,
			);
			buildRules = (
			);
			dependencies = (
				EA08463B225B4EE200F759B2 /* PBXTargetDependency */,
			);
			name = DemoCollectionUITests;
			productName = DemoCollectionUITests;
			productReference = EA084639225B4EE200F759B2 /* DemoCollectionUITests.xctest */;
			productType = "com.apple.product-type.bundle.ui-testing";
		};
/* End PBXNativeTarget section */

/* Begin PBXProject section */
		EA08460E225B4EE000F759B2 /* Project object */ = {
			isa = PBXProject;
			attributes = {
				LastUpgradeCheck = 1010;
				ORGANIZATIONNAME = berlin;
				TargetAttributes = {
					EA084615225B4EE000F759B2 = {
						CreatedOnToolsVersion = 10.1;
					};
					EA08462D225B4EE200F759B2 = {
						CreatedOnToolsVersion = 10.1;
						TestTargetID = EA084615225B4EE000F759B2;
					};
					EA084638225B4EE200F759B2 = {
						CreatedOnToolsVersion = 10.1;
						TestTargetID = EA084615225B4EE000F759B2;
					};
				};
			};
			buildConfigurationList = EA084611225B4EE000F759B2 /* Build configuration list for PBXProject "DemoCollection" */;
			compatibilityVersion = "Xcode 9.3";
			developmentRegion = en;
			hasScannedForEncodings = 0;
			knownRegions = (
				en,
				Base,
			);
			mainGroup = EA08460D225B4EE000F759B2;
			productRefGroup = EA084617225B4EE000F759B2 /* Products */;
			projectDirPath = "";
			projectRoot = "";
			targets = (
				EA084615225B4EE000F759B2 /* DemoCollection */,
				EA08462D225B4EE200F759B2 /* DemoCollectionTests */,
				EA084638225B4EE200F759B2 /* DemoCollectionUITests */,
			);
		};
/* End PBXProject section */

/* Begin PBXResourcesBuildPhase section */
		EA084614225B4EE000F759B2 /* Resources */ = {
			isa = PBXResourcesBuildPhase;
			buildActionMask = 2147483647;
			files = (
				EA084626225B4EE200F759B2 /* LaunchScreen.storyboard in Resources */,
				EA084623225B4EE200F759B2 /* Assets.xcassets in Resources */,
				EA084621225B4EE000F759B2 /* Main.storyboard in Resources */,
			);
			runOnlyForDeploymentPostprocessing = 0;
		};
		EA08462C225B4EE200F759B2 /* Resources */ = {
			isa = PBXResourcesBuildPhase;
			buildActionMask = 2147483647;
			files = (
			);
			runOnlyForDeploymentPostprocessing = 0;
		};
		EA084637225B4EE200F759B2 /* Resources */ = {
			isa = PBXResourcesBuildPhase;
			buildActionMask = 2147483647;
			files = (
			);
			runOnlyForDeploymentPostprocessing = 0;
		};
/* End PBXResourcesBuildPhase section */

/* Begin PBXSourcesBuildPhase section */
		EA084612225B4EE000F759B2 /* Sources */ = {
			isa = PBXSourcesBuildPhase;
			buildActionMask = 2147483647;
			files = (
				EA084660225E1AAA00F759B2 /* BinaryTree.m in Sources */,
				EA08461E225B4EE000F759B2 /* ViewController.m in Sources */,
				EAD67314225EE62A0088A66B /* TreeNodeProperty.m in Sources */,
				EAD67318225EFC530088A66B /* SortAlgorithm.m in Sources */,
				EA084629225B4EE200F759B2 /* main.m in Sources */,
				EA08465D225E18CB00F759B2 /* BinaryTreeNode.m in Sources */,
				EA08461B225B4EE000F759B2 /* AppDelegate.m in Sources */,
			);
			runOnlyForDeploymentPostprocessing = 0;
		};
		EA08462A225B4EE200F759B2 /* Sources */ = {
			isa = PBXSourcesBuildPhase;
			buildActionMask = 2147483647;
			files = (
				EA084633225B4EE200F759B2 /* DemoCollectionTests.m in Sources */,
			);
			runOnlyForDeploymentPostprocessing = 0;
		};
		EA084635225B4EE200F759B2 /* Sources */ = {
			isa = PBXSourcesBuildPhase;
			buildActionMask = 2147483647;
			files = (
				EA08463E225B4EE200F759B2 /* DemoCollectionUITests.m in Sources */,
			);
			runOnlyForDeploymentPostprocessing = 0;
		};
/* End PBXSourcesBuildPhase section */

/* Begin PBXTargetDependency section */
		EA084630225B4EE200F759B2 /* PBXTargetDependency */ = {
			isa = PBXTargetDependency;
			target = EA084615225B4EE000F759B2 /* DemoCollection */;
			targetProxy = EA08462F225B4EE200F759B2 /* PBXContainerItemProxy */;
		};
		EA08463B225B4EE200F759B2 /* PBXTargetDependency */ = {
			isa = PBXTargetDependency;
			target = EA084615225B4EE000F759B2 /* DemoCollection */;
			targetProxy = EA08463A225B4EE200F759B2 /* PBXContainerItemProxy */;
		};
/* End PBXTargetDependency section */

/* Begin PBXVariantGroup section */
		EA08461F225B4EE000F759B2 /* Main.storyboard */ = {
			isa = PBXVariantGroup;
			children = (
				EA084620225B4EE000F759B2 /* Base */,
			);
			name = Main.storyboard;
			sourceTree = "<group>";
		};
		EA084624225B4EE200F759B2 /* LaunchScreen.storyboard */ = {
			isa = PBXVariantGroup;
			children = (
				EA084625225B4EE200F759B2 /* Base */,
			);
			name = LaunchScreen.storyboard;
			sourceTree = "<group>";
		};
/* End PBXVariantGroup section */

/* Begin XCBuildConfiguration section */
		EA084640225B4EE200F759B2 /* Debug */ = {
			isa = XCBuildConfiguration;
			buildSettings = {
				ALWAYS_SEARCH_USER_PATHS = NO;
				CLANG_ANALYZER_NONNULL = YES;
				CLANG_ANALYZER_NUMBER_OBJECT_CONVERSION = YES_AGGRESSIVE;
				CLANG_CXX_LANGUAGE_STANDARD = "gnu++14";
				CLANG_CXX_LIBRARY = "libc++";
				CLANG_ENABLE_MODULES = YES;
				CLANG_ENABLE_OBJC_ARC = YES;
				CLANG_ENABLE_OBJC_WEAK = YES;
				CLANG_WARN_BLOCK_CAPTURE_AUTORELEASING = YES;
				CLANG_WARN_BOOL_CONVERSION = YES;
				CLANG_WARN_COMMA = YES;
				CLANG_WARN_CONSTANT_CONVERSION = YES;
				CLANG_WARN_DEPRECATED_OBJC_IMPLEMENTATIONS = YES;
				CLANG_WARN_DIRECT_OBJC_ISA_USAGE = YES_ERROR;
				CLANG_WARN_DOCUMENTATION_COMMENTS = YES;
				CLANG_WARN_EMPTY_BODY = YES;
				CLANG_WARN_ENUM_CONVERSION = YES;
				CLANG_WARN_INFINITE_RECURSION = YES;
				CLANG_WARN_INT_CONVERSION = YES;
				CLANG_WARN_NON_LITERAL_NULL_CONVERSION = YES;
				CLANG_WARN_OBJC_IMPLICIT_RETAIN_SELF = YES;
				CLANG_WARN_OBJC_LITERAL_CONVERSION = YES;
				CLANG_WARN_OBJC_ROOT_CLASS = YES_ERROR;
				CLANG_WARN_RANGE_LOOP_ANALYSIS = YES;
				CLANG_WARN_STRICT_PROTOTYPES = YES;
				CLANG_WARN_SUSPICIOUS_MOVE = YES;
				CLANG_WARN_UNGUARDED_AVAILABILITY = YES_AGGRESSIVE;
				CLANG_WARN_UNREACHABLE_CODE = YES;
				CLANG_WARN__DUPLICATE_METHOD_MATCH = YES;
				CODE_SIGN_IDENTITY = "iPhone Developer";
				COPY_PHASE_STRIP = NO;
				DEBUG_INFORMATION_FORMAT = dwarf;
				ENABLE_STRICT_OBJC_MSGSEND = YES;
				ENABLE_TESTABILITY = YES;
				GCC_C_LANGUAGE_STANDARD = gnu11;
				GCC_DYNAMIC_NO_PIC = NO;
				GCC_NO_COMMON_BLOCKS = YES;
				GCC_OPTIMIZATION_LEVEL = 0;
				GCC_PREPROCESSOR_DEFINITIONS = (
					"DEBUG=1",
					"$(inherited)",
				);
				GCC_WARN_64_TO_32_BIT_CONVERSION = YES;
				GCC_WARN_ABOUT_RETURN_TYPE = YES_ERROR;
				GCC_WARN_UNDECLARED_SELECTOR = YES;
				GCC_WARN_UNINITIALIZED_AUTOS = YES_AGGRESSIVE;
				GCC_WARN_UNUSED_FUNCTION = YES;
				GCC_WARN_UNUSED_VARIABLE = YES;
				IPHONEOS_DEPLOYMENT_TARGET = 12.1;
				MTL_ENABLE_DEBUG_INFO = INCLUDE_SOURCE;
				MTL_FAST_MATH = YES;
				ONLY_ACTIVE_ARCH = YES;
				SDKROOT = iphoneos;
			};
			name = Debug;
		};
		EA084641225B4EE200F759B2 /* Release */ = {
			isa = XCBuildConfiguration;
			buildSettings = {
				ALWAYS_SEARCH_USER_PATHS = NO;
				CLANG_ANALYZER_NONNULL = YES;
				CLANG_ANALYZER_NUMBER_OBJECT_CONVERSION = YES_AGGRESSIVE;
				CLANG_CXX_LANGUAGE_STANDARD = "gnu++14";
				CLANG_CXX_LIBRARY = "libc++";
				CLANG_ENABLE_MODULES = YES;
				CLANG_ENABLE_OBJC_ARC = YES;
				CLANG_ENABLE_OBJC_WEAK = YES;
				CLANG_WARN_BLOCK_CAPTURE_AUTORELEASING = YES;
				CLANG_WARN_BOOL_CONVERSION = YES;
				CLANG_WARN_COMMA = YES;
				CLANG_WARN_CONSTANT_CONVERSION = YES;
				CLANG_WARN_DEPRECATED_OBJC_IMPLEMENTATIONS = YES;
				CLANG_WARN_DIRECT_OBJC_ISA_USAGE = YES_ERROR;
				CLANG_WARN_DOCUMENTATION_COMMENTS = YES;
				CLANG_WARN_EMPTY_BODY = YES;
				CLANG_WARN_ENUM_CONVERSION = YES;
				CLANG_WARN_INFINITE_RECURSION = YES;
				CLANG_WARN_INT_CONVERSION = YES;
				CLANG_WARN_NON_LITERAL_NULL_CONVERSION = YES;
				CLANG_WARN_OBJC_IMPLICIT_RETAIN_SELF = YES;
				CLANG_WARN_OBJC_LITERAL_CONVERSION = YES;
				CLANG_WARN_OBJC_ROOT_CLASS = YES_ERROR;
				CLANG_WARN_RANGE_LOOP_ANALYSIS = YES;
				CLANG_WARN_STRICT_PROTOTYPES = YES;
				CLANG_WARN_SUSPICIOUS_MOVE = YES;
				CLANG_WARN_UNGUARDED_AVAILABILITY = YES_AGGRESSIVE;
				CLANG_WARN_UNREACHABLE_CODE = YES;
				CLANG_WARN__DUPLICATE_METHOD_MATCH = YES;
				CODE_SIGN_IDENTITY = "iPhone Developer";
				COPY_PHASE_STRIP = NO;
				DEBUG_INFORMATION_FORMAT = "dwarf-with-dsym";
				ENABLE_NS_ASSERTIONS = NO;
				ENABLE_STRICT_OBJC_MSGSEND = YES;
				GCC_C_LANGUAGE_STANDARD = gnu11;
				GCC_NO_COMMON_BLOCKS = YES;
				GCC_WARN_64_TO_32_BIT_CONVERSION = YES;
				GCC_WARN_ABOUT_RETURN_TYPE = YES_ERROR;
				GCC_WARN_UNDECLARED_SELECTOR = YES;
				GCC_WARN_UNINITIALIZED_AUTOS = YES_AGGRESSIVE;
				GCC_WARN_UNUSED_FUNCTION = YES;
				GCC_WARN_UNUSED_VARIABLE = YES;
				IPHONEOS_DEPLOYMENT_TARGET = 12.1;
				MTL_ENABLE_DEBUG_INFO = NO;
				MTL_FAST_MATH = YES;
				SDKROOT = iphoneos;
				VALIDATE_PRODUCT = YES;
			};
			name = Release;
		};
		EA084643225B4EE200F759B2 /* Debug */ = {
			isa = XCBuildConfiguration;
			buildSettings = {
				ASSETCATALOG_COMPILER_APPICON_NAME = AppIcon;
				CODE_SIGN_STYLE = Automatic;
				DEVELOPMENT_TEAM = 4M4NZ2DQ6P;
				INFOPLIST_FILE = DemoCollection/Info.plist;
				LD_RUNPATH_SEARCH_PATHS = (
					"$(inherited)",
					"@executable_path/Frameworks",
				);
				PRODUCT_BUNDLE_IDENTIFIER = com.rockybo.DemoCollection;
				PRODUCT_NAME = "$(TARGET_NAME)";
				TARGETED_DEVICE_FAMILY = "1,2";
			};
			name = Debug;
		};
		EA084644225B4EE200F759B2 /* Release */ = {
			isa = XCBuildConfiguration;
			buildSettings = {
				ASSETCATALOG_COMPILER_APPICON_NAME = AppIcon;
				CODE_SIGN_STYLE = Automatic;
				DEVELOPMENT_TEAM = 4M4NZ2DQ6P;
				INFOPLIST_FILE = DemoCollection/Info.plist;
				LD_RUNPATH_SEARCH_PATHS = (
					"$(inherited)",
					"@executable_path/Frameworks",
				);
				PRODUCT_BUNDLE_IDENTIFIER = com.rockybo.DemoCollection;
				PRODUCT_NAME = "$(TARGET_NAME)";
				TARGETED_DEVICE_FAMILY = "1,2";
			};
			name = Release;
		};
		EA084646225B4EE200F759B2 /* Debug */ = {
			isa = XCBuildConfiguration;
			buildSettings = {
				BUNDLE_LOADER = "$(TEST_HOST)";
				CODE_SIGN_STYLE = Automatic;
				DEVELOPMENT_TEAM = 4M4NZ2DQ6P;
				INFOPLIST_FILE = DemoCollectionTests/Info.plist;
				LD_RUNPATH_SEARCH_PATHS = (
					"$(inherited)",
					"@executable_path/Frameworks",
					"@loader_path/Frameworks",
				);
				PRODUCT_BUNDLE_IDENTIFIER = com.rockybo.DemoCollectionTests;
				PRODUCT_NAME = "$(TARGET_NAME)";
				TARGETED_DEVICE_FAMILY = "1,2";
				TEST_HOST = "$(BUILT_PRODUCTS_DIR)/DemoCollection.app/DemoCollection";
			};
			name = Debug;
		};
		EA084647225B4EE200F759B2 /* Release */ = {
			isa = XCBuildConfiguration;
			buildSettings = {
				BUNDLE_LOADER = "$(TEST_HOST)";
				CODE_SIGN_STYLE = Automatic;
				DEVELOPMENT_TEAM = 4M4NZ2DQ6P;
				INFOPLIST_FILE = DemoCollectionTests/Info.plist;
				LD_RUNPATH_SEARCH_PATHS = (
					"$(inherited)",
					"@executable_path/Frameworks",
					"@loader_path/Frameworks",
				);
				PRODUCT_BUNDLE_IDENTIFIER = com.rockybo.DemoCollectionTests;
				PRODUCT_NAME = "$(TARGET_NAME)";
				TARGETED_DEVICE_FAMILY = "1,2";
				TEST_HOST = "$(BUILT_PRODUCTS_DIR)/DemoCollection.app/DemoCollection";
			};
			name = Release;
		};
		EA084649225B4EE200F759B2 /* Debug */ = {
			isa = XCBuildConfiguration;
			buildSettings = {
				CODE_SIGN_STYLE = Automatic;
				DEVELOPMENT_TEAM = 4M4NZ2DQ6P;
				INFOPLIST_FILE = DemoCollectionUITests/Info.plist;
				LD_RUNPATH_SEARCH_PATHS = (
					"$(inherited)",
					"@executable_path/Frameworks",
					"@loader_path/Frameworks",
				);
				PRODUCT_BUNDLE_IDENTIFIER = com.rockybo.DemoCollectionUITests;
				PRODUCT_NAME = "$(TARGET_NAME)";
				TARGETED_DEVICE_FAMILY = "1,2";
				TEST_TARGET_NAME = DemoCollection;
			};
			name = Debug;
		};
		EA08464A225B4EE200F759B2 /* Release */ = {
			isa = XCBuildConfiguration;
			buildSettings = {
				CODE_SIGN_STYLE = Automatic;
				DEVELOPMENT_TEAM = 4M4NZ2DQ6P;
				INFOPLIST_FILE = DemoCollectionUITests/Info.plist;
				LD_RUNPATH_SEARCH_PATHS = (
					"$(inherited)",
					"@executable_path/Frameworks",
					"@loader_path/Frameworks",
				);
				PRODUCT_BUNDLE_IDENTIFIER = com.rockybo.DemoCollectionUITests;
				PRODUCT_NAME = "$(TARGET_NAME)";
				TARGETED_DEVICE_FAMILY = "1,2";
				TEST_TARGET_NAME = DemoCollection;
			};
			name = Release;
		};
/* End XCBuildConfiguration section */

/* Begin XCConfigurationList section */
		EA084611225B4EE000F759B2 /* Build configuration list for PBXProject "DemoCollection" */ = {
			isa = XCConfigurationList;
			buildConfigurations = (
				EA084640225B4EE200F759B2 /* Debug */,
				EA084641225B4EE200F759B2 /* Release */,
			);
			defaultConfigurationIsVisible = 0;
			defaultConfigurationName = Release;
		};
		EA084642225B4EE200F759B2 /* Build configuration list for PBXNativeTarget "DemoCollection" */ = {
			isa = XCConfigurationList;
			buildConfigurations = (
				EA084643225B4EE200F759B2 /* Debug */,
				EA084644225B4EE200F759B2 /* Release */,
			);
			defaultConfigurationIsVisible = 0;
			defaultConfigurationName = Release;
		};
		EA084645225B4EE200F759B2 /* Build configuration list for PBXNativeTarget "DemoCollectionTests" */ = {
			isa = XCConfigurationList;
			buildConfigurations = (
				EA084646225B4EE200F759B2 /* Debug */,
				EA084647225B4EE200F759B2 /* Release */,
			);
			defaultConfigurationIsVisible = 0;
			defaultConfigurationName = Release;
		};
		EA084648225B4EE200F759B2 /* Build configuration list for PBXNativeTarget "DemoCollectionUITests" */ = {
			isa = XCConfigurationList;
			buildConfigurations = (
				EA084649225B4EE200F759B2 /* Debug */,
				EA08464A225B4EE200F759B2 /* Release */,
			);
			defaultConfigurationIsVisible = 0;
			defaultConfigurationName = Release;
		};
/* End XCConfigurationList section */
	};
	rootObject = EA08460E225B4EE000F759B2 /* Project object */;
}
